// !$*UTF8*$!
{
	archiveVersion = 1;
	classes = {
	};
	objectVersion = 50;
	objects = {

/* Begin PBXBuildFile section */
		413137C526EFB248006DEF9B /* MainContentView.swift in Sources */ = {isa = PBXBuildFile; fileRef = 413137C426EFB248006DEF9B /* MainContentView.swift */; };
		413137C726EFB2AB006DEF9B /* MovieSearchView.swift in Sources */ = {isa = PBXBuildFile; fileRef = 413137C626EFB2AB006DEF9B /* MovieSearchView.swift */; };
		413137CA26EFB30D006DEF9B /* MovieListState.swift in Sources */ = {isa = PBXBuildFile; fileRef = 413137C926EFB30D006DEF9B /* MovieListState.swift */; };
		413137CC26EFB343006DEF9B /* movie_list.json in Resources */ = {isa = PBXBuildFile; fileRef = 413137CB26EFB343006DEF9B /* movie_list.json */; };
		413137CE26EFB36D006DEF9B /* movie_info.json in Resources */ = {isa = PBXBuildFile; fileRef = 413137CD26EFB36D006DEF9B /* movie_info.json */; };
		413137D026EFB381006DEF9B /* search_movie.json in Resources */ = {isa = PBXBuildFile; fileRef = 413137CF26EFB381006DEF9B /* search_movie.json */; };
		413137D326EFB567006DEF9B /* MovieModel.swift in Sources */ = {isa = PBXBuildFile; fileRef = 413137D226EFB567006DEF9B /* MovieModel.swift */; };
		413137D526EFB7ED006DEF9B /* NetworkService.swift in Sources */ = {isa = PBXBuildFile; fileRef = 413137D426EFB7ED006DEF9B /* NetworkService.swift */; };
		413137D726EFBADD006DEF9B /* ImageLoader.swift in Sources */ = {isa = PBXBuildFile; fileRef = 413137D626EFBADD006DEF9B /* ImageLoader.swift */; };
		413137D926EFBBF4006DEF9B /* MovieDetailState.swift in Sources */ = {isa = PBXBuildFile; fileRef = 413137D826EFBBF4006DEF9B /* MovieDetailState.swift */; };
		413137DB26EFBD5B006DEF9B /* MovieSearchState.swift in Sources */ = {isa = PBXBuildFile; fileRef = 413137DA26EFBD5B006DEF9B /* MovieSearchState.swift */; };
		413137DD26EFC166006DEF9B /* MoviePosterCarouselView.swift in Sources */ = {isa = PBXBuildFile; fileRef = 413137DC26EFC166006DEF9B /* MoviePosterCarouselView.swift */; };
		413137DF26EFC172006DEF9B /* MovieBackdropCarouselView.swift in Sources */ = {isa = PBXBuildFile; fileRef = 413137DE26EFC172006DEF9B /* MovieBackdropCarouselView.swift */; };
		413137E126EFC331006DEF9B /* MovieDetailView.swift in Sources */ = {isa = PBXBuildFile; fileRef = 413137E026EFC331006DEF9B /* MovieDetailView.swift */; };
		413137E326EFC3FA006DEF9B /* LoadingView.swift in Sources */ = {isa = PBXBuildFile; fileRef = 413137E226EFC3FA006DEF9B /* LoadingView.swift */; };
		413137E526EFC583006DEF9B /* MovieDetailImage.swift in Sources */ = {isa = PBXBuildFile; fileRef = 413137E426EFC583006DEF9B /* MovieDetailImage.swift */; };
		413137E726EFC7E4006DEF9B /* SearchBarView.swift in Sources */ = {isa = PBXBuildFile; fileRef = 413137E626EFC7E4006DEF9B /* SearchBarView.swift */; };
		413137EA26EFC877006DEF9B /* MoviePosterCard.swift in Sources */ = {isa = PBXBuildFile; fileRef = 413137E926EFC877006DEF9B /* MoviePosterCard.swift */; };
		413137EC26EFC8A5006DEF9B /* MovieBackdropCard.swift in Sources */ = {isa = PBXBuildFile; fileRef = 413137EB26EFC8A5006DEF9B /* MovieBackdropCard.swift */; };
		413550D226EE76A1001FF888 /* Utils.swift in Sources */ = {isa = PBXBuildFile; fileRef = 413550D126EE76A1001FF888 /* Utils.swift */; };
		413550DB26EE7BAA001FF888 /* SearchCardView.swift in Sources */ = {isa = PBXBuildFile; fileRef = 413550DA26EE7BAA001FF888 /* SearchCardView.swift */; };
		413550DD26EE7C31001FF888 /* RatingView.swift in Sources */ = {isa = PBXBuildFile; fileRef = 413550DC26EE7C31001FF888 /* RatingView.swift */; };
		4156B47F26EE6F1D0061A90A /* MovieEndpoint.swift in Sources */ = {isa = PBXBuildFile; fileRef = 4156B47E26EE6F1D0061A90A /* MovieEndpoint.swift */; };
		4156B48526EE70AE0061A90A /* View+Extension.swift in Sources */ = {isa = PBXBuildFile; fileRef = 4156B48426EE70AE0061A90A /* View+Extension.swift */; };
		4169285E26E96215003BD3AB /* MovieAppApp.swift in Sources */ = {isa = PBXBuildFile; fileRef = 4169285D26E96215003BD3AB /* MovieAppApp.swift */; };
		4169286226E96217003BD3AB /* Assets.xcassets in Resources */ = {isa = PBXBuildFile; fileRef = 4169286126E96217003BD3AB /* Assets.xcassets */; };
		4169286526E96217003BD3AB /* Preview Assets.xcassets in Resources */ = {isa = PBXBuildFile; fileRef = 4169286426E96217003BD3AB /* Preview Assets.xcassets */; };
		4169287026E96217003BD3AB /* MovieAppTests.swift in Sources */ = {isa = PBXBuildFile; fileRef = 4169286F26E96217003BD3AB /* MovieAppTests.swift */; };
		4169287B26E96217003BD3AB /* MovieAppUITests.swift in Sources */ = {isa = PBXBuildFile; fileRef = 4169287A26E96217003BD3AB /* MovieAppUITests.swift */; };
		4169288A26E96270003BD3AB /* SampleDetailView.swift in Sources */ = {isa = PBXBuildFile; fileRef = 4169288926E96270003BD3AB /* SampleDetailView.swift */; };
		4198652526EA96EE0049A5A1 /* MovieModelStub.swift in Sources */ = {isa = PBXBuildFile; fileRef = 4198652426EA96EE0049A5A1 /* MovieModelStub.swift */; };
		4198652726EBCB850049A5A1 /* BookingView.swift in Sources */ = {isa = PBXBuildFile; fileRef = 4198652626EBCB850049A5A1 /* BookingView.swift */; };
		41A15E3B26EFCC48003B8828 /* ActivityIndicatorView.swift in Sources */ = {isa = PBXBuildFile; fileRef = 41A15E3A26EFCC48003B8828 /* ActivityIndicatorView.swift */; };
		41B7AA8E26EE7FA6007D58D3 /* PersistenceContainer.swift in Sources */ = {isa = PBXBuildFile; fileRef = 41B7AA8C26EE7FA6007D58D3 /* PersistenceContainer.swift */; };
		41B7AA8F26EE7FA6007D58D3 /* CoreDataService.swift in Sources */ = {isa = PBXBuildFile; fileRef = 41B7AA8D26EE7FA6007D58D3 /* CoreDataService.swift */; };
		41B7AA9126EE806A007D58D3 /* MovieError.swift in Sources */ = {isa = PBXBuildFile; fileRef = 41B7AA9026EE806A007D58D3 /* MovieError.swift */; };
		41B7AA9926EEA741007D58D3 /* MovieApp.xcdatamodeld in Sources */ = {isa = PBXBuildFile; fileRef = 41B7AA9726EEA741007D58D3 /* MovieApp.xcdatamodeld */; };
/* End PBXBuildFile section */

/* Begin PBXContainerItemProxy section */
		4169286C26E96217003BD3AB /* PBXContainerItemProxy */ = {
			isa = PBXContainerItemProxy;
			containerPortal = 4169285226E96215003BD3AB /* Project object */;
			proxyType = 1;
			remoteGlobalIDString = 4169285926E96215003BD3AB;
			remoteInfo = MovieApp;
		};
		4169287726E96217003BD3AB /* PBXContainerItemProxy */ = {
			isa = PBXContainerItemProxy;
			containerPortal = 4169285226E96215003BD3AB /* Project object */;
			proxyType = 1;
			remoteGlobalIDString = 4169285926E96215003BD3AB;
			remoteInfo = MovieApp;
		};
/* End PBXContainerItemProxy section */

/* Begin PBXFileReference section */
		413137C426EFB248006DEF9B /* MainContentView.swift */ = {isa = PBXFileReference; lastKnownFileType = sourcecode.swift; path = MainContentView.swift; sourceTree = "<group>"; };
		413137C626EFB2AB006DEF9B /* MovieSearchView.swift */ = {isa = PBXFileReference; lastKnownFileType = sourcecode.swift; path = MovieSearchView.swift; sourceTree = "<group>"; };
		413137C926EFB30D006DEF9B /* MovieListState.swift */ = {isa = PBXFileReference; lastKnownFileType = sourcecode.swift; path = MovieListState.swift; sourceTree = "<group>"; };
		413137CB26EFB343006DEF9B /* movie_list.json */ = {isa = PBXFileReference; lastKnownFileType = text.json; path = movie_list.json; sourceTree = "<group>"; };
		413137CD26EFB36D006DEF9B /* movie_info.json */ = {isa = PBXFileReference; lastKnownFileType = text.json; path = movie_info.json; sourceTree = "<group>"; };
		413137CF26EFB381006DEF9B /* search_movie.json */ = {isa = PBXFileReference; lastKnownFileType = text.json; path = search_movie.json; sourceTree = "<group>"; };
		413137D226EFB567006DEF9B /* MovieModel.swift */ = {isa = PBXFileReference; lastKnownFileType = sourcecode.swift; path = MovieModel.swift; sourceTree = "<group>"; };
		413137D426EFB7ED006DEF9B /* NetworkService.swift */ = {isa = PBXFileReference; lastKnownFileType = sourcecode.swift; path = NetworkService.swift; sourceTree = "<group>"; };
		413137D626EFBADD006DEF9B /* ImageLoader.swift */ = {isa = PBXFileReference; lastKnownFileType = sourcecode.swift; path = ImageLoader.swift; sourceTree = "<group>"; };
		413137D826EFBBF4006DEF9B /* MovieDetailState.swift */ = {isa = PBXFileReference; lastKnownFileType = sourcecode.swift; path = MovieDetailState.swift; sourceTree = "<group>"; };
		413137DA26EFBD5B006DEF9B /* MovieSearchState.swift */ = {isa = PBXFileReference; lastKnownFileType = sourcecode.swift; path = MovieSearchState.swift; sourceTree = "<group>"; };
		413137DC26EFC166006DEF9B /* MoviePosterCarouselView.swift */ = {isa = PBXFileReference; lastKnownFileType = sourcecode.swift; path = MoviePosterCarouselView.swift; sourceTree = "<group>"; };
		413137DE26EFC172006DEF9B /* MovieBackdropCarouselView.swift */ = {isa = PBXFileReference; lastKnownFileType = sourcecode.swift; path = MovieBackdropCarouselView.swift; sourceTree = "<group>"; };
		413137E026EFC331006DEF9B /* MovieDetailView.swift */ = {isa = PBXFileReference; lastKnownFileType = sourcecode.swift; path = MovieDetailView.swift; sourceTree = "<group>"; };
		413137E226EFC3FA006DEF9B /* LoadingView.swift */ = {isa = PBXFileReference; lastKnownFileType = sourcecode.swift; path = LoadingView.swift; sourceTree = "<group>"; };
		413137E426EFC583006DEF9B /* MovieDetailImage.swift */ = {isa = PBXFileReference; lastKnownFileType = sourcecode.swift; path = MovieDetailImage.swift; sourceTree = "<group>"; };
		413137E626EFC7E4006DEF9B /* SearchBarView.swift */ = {isa = PBXFileReference; lastKnownFileType = sourcecode.swift; path = SearchBarView.swift; sourceTree = "<group>"; };
		413137E926EFC877006DEF9B /* MoviePosterCard.swift */ = {isa = PBXFileReference; lastKnownFileType = sourcecode.swift; path = MoviePosterCard.swift; sourceTree = "<group>"; };
		413137EB26EFC8A5006DEF9B /* MovieBackdropCard.swift */ = {isa = PBXFileReference; lastKnownFileType = sourcecode.swift; path = MovieBackdropCard.swift; sourceTree = "<group>"; };
		413550D126EE76A1001FF888 /* Utils.swift */ = {isa = PBXFileReference; lastKnownFileType = sourcecode.swift; path = Utils.swift; sourceTree = "<group>"; };
		413550DA26EE7BAA001FF888 /* SearchCardView.swift */ = {isa = PBXFileReference; lastKnownFileType = sourcecode.swift; path = SearchCardView.swift; sourceTree = "<group>"; };
		413550DC26EE7C31001FF888 /* RatingView.swift */ = {isa = PBXFileReference; lastKnownFileType = sourcecode.swift; path = RatingView.swift; sourceTree = "<group>"; };
		4156B47E26EE6F1D0061A90A /* MovieEndpoint.swift */ = {isa = PBXFileReference; lastKnownFileType = sourcecode.swift; path = MovieEndpoint.swift; sourceTree = "<group>"; };
		4156B48426EE70AE0061A90A /* View+Extension.swift */ = {isa = PBXFileReference; lastKnownFileType = sourcecode.swift; path = "View+Extension.swift"; sourceTree = "<group>"; };
		4169285A26E96215003BD3AB /* MovieApp.app */ = {isa = PBXFileReference; explicitFileType = wrapper.application; includeInIndex = 0; path = MovieApp.app; sourceTree = BUILT_PRODUCTS_DIR; };
		4169285D26E96215003BD3AB /* MovieAppApp.swift */ = {isa = PBXFileReference; lastKnownFileType = sourcecode.swift; path = MovieAppApp.swift; sourceTree = "<group>"; };
		4169286126E96217003BD3AB /* Assets.xcassets */ = {isa = PBXFileReference; lastKnownFileType = folder.assetcatalog; path = Assets.xcassets; sourceTree = "<group>"; };
		4169286426E96217003BD3AB /* Preview Assets.xcassets */ = {isa = PBXFileReference; lastKnownFileType = folder.assetcatalog; path = "Preview Assets.xcassets"; sourceTree = "<group>"; };
		4169286626E96217003BD3AB /* Info.plist */ = {isa = PBXFileReference; lastKnownFileType = text.plist.xml; path = Info.plist; sourceTree = "<group>"; };
		4169286B26E96217003BD3AB /* MovieAppTests.xctest */ = {isa = PBXFileReference; explicitFileType = wrapper.cfbundle; includeInIndex = 0; path = MovieAppTests.xctest; sourceTree = BUILT_PRODUCTS_DIR; };
		4169286F26E96217003BD3AB /* MovieAppTests.swift */ = {isa = PBXFileReference; lastKnownFileType = sourcecode.swift; path = MovieAppTests.swift; sourceTree = "<group>"; };
		4169287126E96217003BD3AB /* Info.plist */ = {isa = PBXFileReference; lastKnownFileType = text.plist.xml; path = Info.plist; sourceTree = "<group>"; };
		4169287626E96217003BD3AB /* MovieAppUITests.xctest */ = {isa = PBXFileReference; explicitFileType = wrapper.cfbundle; includeInIndex = 0; path = MovieAppUITests.xctest; sourceTree = BUILT_PRODUCTS_DIR; };
		4169287A26E96217003BD3AB /* MovieAppUITests.swift */ = {isa = PBXFileReference; lastKnownFileType = sourcecode.swift; path = MovieAppUITests.swift; sourceTree = "<group>"; };
		4169287C26E96217003BD3AB /* Info.plist */ = {isa = PBXFileReference; lastKnownFileType = text.plist.xml; path = Info.plist; sourceTree = "<group>"; };
		4169288926E96270003BD3AB /* SampleDetailView.swift */ = {isa = PBXFileReference; lastKnownFileType = sourcecode.swift; path = SampleDetailView.swift; sourceTree = "<group>"; };
		4198652426EA96EE0049A5A1 /* MovieModelStub.swift */ = {isa = PBXFileReference; lastKnownFileType = sourcecode.swift; path = MovieModelStub.swift; sourceTree = "<group>"; };
		4198652626EBCB850049A5A1 /* BookingView.swift */ = {isa = PBXFileReference; lastKnownFileType = sourcecode.swift; path = BookingView.swift; sourceTree = "<group>"; };
		41A15E3A26EFCC48003B8828 /* ActivityIndicatorView.swift */ = {isa = PBXFileReference; lastKnownFileType = sourcecode.swift; path = ActivityIndicatorView.swift; sourceTree = "<group>"; };
		41A15E3D26EFF1F0003B8828 /* Config.xcconfig */ = {isa = PBXFileReference; lastKnownFileType = text.xcconfig; path = Config.xcconfig; sourceTree = "<group>"; };
		41B7AA8C26EE7FA6007D58D3 /* PersistenceContainer.swift */ = {isa = PBXFileReference; fileEncoding = 4; lastKnownFileType = sourcecode.swift; path = PersistenceContainer.swift; sourceTree = "<group>"; };
		41B7AA8D26EE7FA6007D58D3 /* CoreDataService.swift */ = {isa = PBXFileReference; fileEncoding = 4; lastKnownFileType = sourcecode.swift; path = CoreDataService.swift; sourceTree = "<group>"; };
		41B7AA9026EE806A007D58D3 /* MovieError.swift */ = {isa = PBXFileReference; lastKnownFileType = sourcecode.swift; path = MovieError.swift; sourceTree = "<group>"; };
		41B7AA9826EEA741007D58D3 /* MovieApp.xcdatamodel */ = {isa = PBXFileReference; lastKnownFileType = wrapper.xcdatamodel; path = MovieApp.xcdatamodel; sourceTree = "<group>"; };
/* End PBXFileReference section */

/* Begin PBXFrameworksBuildPhase section */
		4169285726E96215003BD3AB /* Frameworks */ = {
			isa = PBXFrameworksBuildPhase;
			buildActionMask = 2147483647;
			files = (
			);
			runOnlyForDeploymentPostprocessing = 0;
		};
		4169286826E96217003BD3AB /* Frameworks */ = {
			isa = PBXFrameworksBuildPhase;
			buildActionMask = 2147483647;
			files = (
			);
			runOnlyForDeploymentPostprocessing = 0;
		};
		4169287326E96217003BD3AB /* Frameworks */ = {
			isa = PBXFrameworksBuildPhase;
			buildActionMask = 2147483647;
			files = (
			);
			runOnlyForDeploymentPostprocessing = 0;
		};
/* End PBXFrameworksBuildPhase section */

/* Begin PBXGroup section */
		413137C226EFB200006DEF9B /* MainContentView */ = {
			isa = PBXGroup;
			children = (
				413137C426EFB248006DEF9B /* MainContentView.swift */,
				413137C326EFB232006DEF9B /* Carousels */,
			);
			path = MainContentView;
			sourceTree = "<group>";
		};
		413137C326EFB232006DEF9B /* Carousels */ = {
			isa = PBXGroup;
			children = (
				413137DC26EFC166006DEF9B /* MoviePosterCarouselView.swift */,
				413137E926EFC877006DEF9B /* MoviePosterCard.swift */,
				413137DE26EFC172006DEF9B /* MovieBackdropCarouselView.swift */,
				413137EB26EFC8A5006DEF9B /* MovieBackdropCard.swift */,
			);
			path = Carousels;
			sourceTree = "<group>";
		};
		413137C826EFB2EF006DEF9B /* Bindings */ = {
			isa = PBXGroup;
			children = (
				413137C926EFB30D006DEF9B /* MovieListState.swift */,
				413137D826EFBBF4006DEF9B /* MovieDetailState.swift */,
				413137DA26EFBD5B006DEF9B /* MovieSearchState.swift */,
				413137D626EFBADD006DEF9B /* ImageLoader.swift */,
			);
			path = Bindings;
			sourceTree = "<group>";
		};
		413137D126EFB542006DEF9B /* Models */ = {
			isa = PBXGroup;
			children = (
				413137D226EFB567006DEF9B /* MovieModel.swift */,
			);
			path = Models;
			sourceTree = "<group>";
		};
		413550D526EE78C8001FF888 /* Services */ = {
			isa = PBXGroup;
			children = (
				41B7AA8B26EE7F85007D58D3 /* StorageService */,
				4156B47B26EE6EBF0061A90A /* NetworkService */,
			);
			path = Services;
			sourceTree = "<group>";
		};
		413550D926EE7B23001FF888 /* Views */ = {
			isa = PBXGroup;
			children = (
				413550DA26EE7BAA001FF888 /* SearchCardView.swift */,
				413137E626EFC7E4006DEF9B /* SearchBarView.swift */,
			);
			path = Views;
			sourceTree = "<group>";
		};
		4156B46726EE6B5F0061A90A /* Resources */ = {
			isa = PBXGroup;
			children = (
				4169286126E96217003BD3AB /* Assets.xcassets */,
				413137CB26EFB343006DEF9B /* movie_list.json */,
				413137CD26EFB36D006DEF9B /* movie_info.json */,
				413137CF26EFB381006DEF9B /* search_movie.json */,
			);
			path = Resources;
			sourceTree = "<group>";
		};
		4156B46826EE6C3A0061A90A /* DetailView */ = {
			isa = PBXGroup;
			children = (
				4169288926E96270003BD3AB /* SampleDetailView.swift */,
				413550DC26EE7C31001FF888 /* RatingView.swift */,
				413137E026EFC331006DEF9B /* MovieDetailView.swift */,
				413137E426EFC583006DEF9B /* MovieDetailImage.swift */,
				41A15E3C26EFCD36003B8828 /* ShimmerView */,
			);
			path = DetailView;
			sourceTree = "<group>";
		};
		4156B46926EE6C510061A90A /* BookingView */ = {
			isa = PBXGroup;
			children = (
				4198652626EBCB850049A5A1 /* BookingView.swift */,
			);
			path = BookingView;
			sourceTree = "<group>";
		};
		4156B46A26EE6C6B0061A90A /* UserFlow */ = {
			isa = PBXGroup;
			children = (
				413137C226EFB200006DEF9B /* MainContentView */,
				4156B48026EE701C0061A90A /* MovieSearchView */,
				4156B46826EE6C3A0061A90A /* DetailView */,
				4156B46926EE6C510061A90A /* BookingView */,
				413550D526EE78C8001FF888 /* Services */,
			);
			path = UserFlow;
			sourceTree = "<group>";
		};
		4156B47B26EE6EBF0061A90A /* NetworkService */ = {
			isa = PBXGroup;
			children = (
				41B7AA9026EE806A007D58D3 /* MovieError.swift */,
				4156B47E26EE6F1D0061A90A /* MovieEndpoint.swift */,
				413137D426EFB7ED006DEF9B /* NetworkService.swift */,
				413550D126EE76A1001FF888 /* Utils.swift */,
			);
			path = NetworkService;
			sourceTree = "<group>";
		};
		4156B48026EE701C0061A90A /* MovieSearchView */ = {
			isa = PBXGroup;
			children = (
				413137C626EFB2AB006DEF9B /* MovieSearchView.swift */,
				413550D926EE7B23001FF888 /* Views */,
			);
			path = MovieSearchView;
			sourceTree = "<group>";
		};
		4156B48326EE70860061A90A /* Extensions */ = {
			isa = PBXGroup;
			children = (
				4156B48426EE70AE0061A90A /* View+Extension.swift */,
			);
			path = Extensions;
			sourceTree = "<group>";
		};
		4169285126E96215003BD3AB = {
			isa = PBXGroup;
			children = (
				41A15E3D26EFF1F0003B8828 /* Config.xcconfig */,
				4169285C26E96215003BD3AB /* MovieApp */,
				4169286E26E96217003BD3AB /* MovieAppTests */,
				4169287926E96217003BD3AB /* MovieAppUITests */,
				4169285B26E96215003BD3AB /* Products */,
			);
			sourceTree = "<group>";
		};
		4169285B26E96215003BD3AB /* Products */ = {
			isa = PBXGroup;
			children = (
				4169285A26E96215003BD3AB /* MovieApp.app */,
				4169286B26E96217003BD3AB /* MovieAppTests.xctest */,
				4169287626E96217003BD3AB /* MovieAppUITests.xctest */,
			);
			name = Products;
			sourceTree = "<group>";
		};
		4169285C26E96215003BD3AB /* MovieApp */ = {
			isa = PBXGroup;
			children = (
				4156B46726EE6B5F0061A90A /* Resources */,
				4169285D26E96215003BD3AB /* MovieAppApp.swift */,
				413137C826EFB2EF006DEF9B /* Bindings */,
				4156B46A26EE6C6B0061A90A /* UserFlow */,
				4198652326EA96A00049A5A1 /* StubModels */,
				413137D126EFB542006DEF9B /* Models */,
				4156B48326EE70860061A90A /* Extensions */,
				4169286326E96217003BD3AB /* Preview Content */,
				4169286626E96217003BD3AB /* Info.plist */,
			);
			path = MovieApp;
			sourceTree = "<group>";
		};
		4169286326E96217003BD3AB /* Preview Content */ = {
			isa = PBXGroup;
			children = (
				4169286426E96217003BD3AB /* Preview Assets.xcassets */,
			);
			path = "Preview Content";
			sourceTree = "<group>";
		};
		4169286E26E96217003BD3AB /* MovieAppTests */ = {
			isa = PBXGroup;
			children = (
				4169286F26E96217003BD3AB /* MovieAppTests.swift */,
				4169287126E96217003BD3AB /* Info.plist */,
			);
			path = MovieAppTests;
			sourceTree = "<group>";
		};
		4169287926E96217003BD3AB /* MovieAppUITests */ = {
			isa = PBXGroup;
			children = (
				4169287A26E96217003BD3AB /* MovieAppUITests.swift */,
				4169287C26E96217003BD3AB /* Info.plist */,
			);
			path = MovieAppUITests;
			sourceTree = "<group>";
		};
		4198652326EA96A00049A5A1 /* StubModels */ = {
			isa = PBXGroup;
			children = (
				4198652426EA96EE0049A5A1 /* MovieModelStub.swift */,
			);
			path = StubModels;
			sourceTree = "<group>";
		};
		41A15E3C26EFCD36003B8828 /* ShimmerView */ = {
			isa = PBXGroup;
			children = (
				413137E226EFC3FA006DEF9B /* LoadingView.swift */,
				41A15E3A26EFCC48003B8828 /* ActivityIndicatorView.swift */,
			);
			path = ShimmerView;
			sourceTree = "<group>";
		};
		41B7AA8B26EE7F85007D58D3 /* StorageService */ = {
			isa = PBXGroup;
			children = (
				41B7AA8D26EE7FA6007D58D3 /* CoreDataService.swift */,
				41B7AA8C26EE7FA6007D58D3 /* PersistenceContainer.swift */,
				41B7AA9726EEA741007D58D3 /* MovieApp.xcdatamodeld */,
			);
			path = StorageService;
			sourceTree = "<group>";
		};
/* End PBXGroup section */

/* Begin PBXNativeTarget section */
		4169285926E96215003BD3AB /* MovieApp */ = {
			isa = PBXNativeTarget;
			buildConfigurationList = 4169287F26E96217003BD3AB /* Build configuration list for PBXNativeTarget "MovieApp" */;
			buildPhases = (
				4169285626E96215003BD3AB /* Sources */,
				4169285726E96215003BD3AB /* Frameworks */,
				4169285826E96215003BD3AB /* Resources */,
			);
			buildRules = (
			);
			dependencies = (
			);
			name = MovieApp;
			productName = MovieApp;
			productReference = 4169285A26E96215003BD3AB /* MovieApp.app */;
			productType = "com.apple.product-type.application";
		};
		4169286A26E96217003BD3AB /* MovieAppTests */ = {
			isa = PBXNativeTarget;
			buildConfigurationList = 4169288226E96217003BD3AB /* Build configuration list for PBXNativeTarget "MovieAppTests" */;
			buildPhases = (
				4169286726E96217003BD3AB /* Sources */,
				4169286826E96217003BD3AB /* Frameworks */,
				4169286926E96217003BD3AB /* Resources */,
			);
			buildRules = (
			);
			dependencies = (
				4169286D26E96217003BD3AB /* PBXTargetDependency */,
			);
			name = MovieAppTests;
			productName = MovieAppTests;
			productReference = 4169286B26E96217003BD3AB /* MovieAppTests.xctest */;
			productType = "com.apple.product-type.bundle.unit-test";
		};
		4169287526E96217003BD3AB /* MovieAppUITests */ = {
			isa = PBXNativeTarget;
			buildConfigurationList = 4169288526E96217003BD3AB /* Build configuration list for PBXNativeTarget "MovieAppUITests" */;
			buildPhases = (
				4169287226E96217003BD3AB /* Sources */,
				4169287326E96217003BD3AB /* Frameworks */,
				4169287426E96217003BD3AB /* Resources */,
			);
			buildRules = (
			);
			dependencies = (
				4169287826E96217003BD3AB /* PBXTargetDependency */,
			);
			name = MovieAppUITests;
			productName = MovieAppUITests;
			productReference = 4169287626E96217003BD3AB /* MovieAppUITests.xctest */;
			productType = "com.apple.product-type.bundle.ui-testing";
		};
/* End PBXNativeTarget section */

/* Begin PBXProject section */
		4169285226E96215003BD3AB /* Project object */ = {
			isa = PBXProject;
			attributes = {
				LastSwiftUpdateCheck = 1250;
				LastUpgradeCheck = 1250;
				TargetAttributes = {
					4169285926E96215003BD3AB = {
						CreatedOnToolsVersion = 12.5.1;
					};
					4169286A26E96217003BD3AB = {
						CreatedOnToolsVersion = 12.5.1;
						TestTargetID = 4169285926E96215003BD3AB;
					};
					4169287526E96217003BD3AB = {
						CreatedOnToolsVersion = 12.5.1;
						TestTargetID = 4169285926E96215003BD3AB;
					};
				};
			};
			buildConfigurationList = 4169285526E96215003BD3AB /* Build configuration list for PBXProject "MovieApp" */;
			compatibilityVersion = "Xcode 9.3";
			developmentRegion = en;
			hasScannedForEncodings = 0;
			knownRegions = (
				en,
				Base,
			);
			mainGroup = 4169285126E96215003BD3AB;
			productRefGroup = 4169285B26E96215003BD3AB /* Products */;
			projectDirPath = "";
			projectRoot = "";
			targets = (
				4169285926E96215003BD3AB /* MovieApp */,
				4169286A26E96217003BD3AB /* MovieAppTests */,
				4169287526E96217003BD3AB /* MovieAppUITests */,
			);
		};
/* End PBXProject section */

/* Begin PBXResourcesBuildPhase section */
		4169285826E96215003BD3AB /* Resources */ = {
			isa = PBXResourcesBuildPhase;
			buildActionMask = 2147483647;
			files = (
				4169286526E96217003BD3AB /* Preview Assets.xcassets in Resources */,
				413137CC26EFB343006DEF9B /* movie_list.json in Resources */,
				413137CE26EFB36D006DEF9B /* movie_info.json in Resources */,
				413137D026EFB381006DEF9B /* search_movie.json in Resources */,
				4169286226E96217003BD3AB /* Assets.xcassets in Resources */,
			);
			runOnlyForDeploymentPostprocessing = 0;
		};
		4169286926E96217003BD3AB /* Resources */ = {
			isa = PBXResourcesBuildPhase;
			buildActionMask = 2147483647;
			files = (
			);
			runOnlyForDeploymentPostprocessing = 0;
		};
		4169287426E96217003BD3AB /* Resources */ = {
			isa = PBXResourcesBuildPhase;
			buildActionMask = 2147483647;
			files = (
			);
			runOnlyForDeploymentPostprocessing = 0;
		};
/* End PBXResourcesBuildPhase section */

/* Begin PBXSourcesBuildPhase section */
		4169285626E96215003BD3AB /* Sources */ = {
			isa = PBXSourcesBuildPhase;
			buildActionMask = 2147483647;
			files = (
				4198652526EA96EE0049A5A1 /* MovieModelStub.swift in Sources */,
				413137E526EFC583006DEF9B /* MovieDetailImage.swift in Sources */,
				4156B47F26EE6F1D0061A90A /* MovieEndpoint.swift in Sources */,
				413137D326EFB567006DEF9B /* MovieModel.swift in Sources */,
				413137C726EFB2AB006DEF9B /* MovieSearchView.swift in Sources */,
				413137E326EFC3FA006DEF9B /* LoadingView.swift in Sources */,
				413137E726EFC7E4006DEF9B /* SearchBarView.swift in Sources */,
				413137D526EFB7ED006DEF9B /* NetworkService.swift in Sources */,
				413137E126EFC331006DEF9B /* MovieDetailView.swift in Sources */,
				4156B48526EE70AE0061A90A /* View+Extension.swift in Sources */,
				41B7AA8F26EE7FA6007D58D3 /* CoreDataService.swift in Sources */,
				413137D926EFBBF4006DEF9B /* MovieDetailState.swift in Sources */,
				4169288A26E96270003BD3AB /* SampleDetailView.swift in Sources */,
				4169285E26E96215003BD3AB /* MovieAppApp.swift in Sources */,
				41B7AA9126EE806A007D58D3 /* MovieError.swift in Sources */,
				41B7AA9926EEA741007D58D3 /* MovieApp.xcdatamodeld in Sources */,
				413550DD26EE7C31001FF888 /* RatingView.swift in Sources */,
				413550D226EE76A1001FF888 /* Utils.swift in Sources */,
				413137EA26EFC877006DEF9B /* MoviePosterCard.swift in Sources */,
				413137DD26EFC166006DEF9B /* MoviePosterCarouselView.swift in Sources */,
				413137CA26EFB30D006DEF9B /* MovieListState.swift in Sources */,
				413137EC26EFC8A5006DEF9B /* MovieBackdropCard.swift in Sources */,
				4198652726EBCB850049A5A1 /* BookingView.swift in Sources */,
				413137DF26EFC172006DEF9B /* MovieBackdropCarouselView.swift in Sources */,
				41B7AA8E26EE7FA6007D58D3 /* PersistenceContainer.swift in Sources */,
				413137C526EFB248006DEF9B /* MainContentView.swift in Sources */,
				413137DB26EFBD5B006DEF9B /* MovieSearchState.swift in Sources */,
				41A15E3B26EFCC48003B8828 /* ActivityIndicatorView.swift in Sources */,
				413550DB26EE7BAA001FF888 /* SearchCardView.swift in Sources */,
				413137D726EFBADD006DEF9B /* ImageLoader.swift in Sources */,
			);
			runOnlyForDeploymentPostprocessing = 0;
		};
		4169286726E96217003BD3AB /* Sources */ = {
			isa = PBXSourcesBuildPhase;
			buildActionMask = 2147483647;
			files = (
				4169287026E96217003BD3AB /* MovieAppTests.swift in Sources */,
			);
			runOnlyForDeploymentPostprocessing = 0;
		};
		4169287226E96217003BD3AB /* Sources */ = {
			isa = PBXSourcesBuildPhase;
			buildActionMask = 2147483647;
			files = (
				4169287B26E96217003BD3AB /* MovieAppUITests.swift in Sources */,
			);
			runOnlyForDeploymentPostprocessing = 0;
		};
/* End PBXSourcesBuildPhase section */

/* Begin PBXTargetDependency section */
		4169286D26E96217003BD3AB /* PBXTargetDependency */ = {
			isa = PBXTargetDependency;
			target = 4169285926E96215003BD3AB /* MovieApp */;
			targetProxy = 4169286C26E96217003BD3AB /* PBXContainerItemProxy */;
		};
		4169287826E96217003BD3AB /* PBXTargetDependency */ = {
			isa = PBXTargetDependency;
			target = 4169285926E96215003BD3AB /* MovieApp */;
			targetProxy = 4169287726E96217003BD3AB /* PBXContainerItemProxy */;
		};
/* End PBXTargetDependency section */

/* Begin XCBuildConfiguration section */
		4169287D26E96217003BD3AB /* Debug */ = {
			isa = XCBuildConfiguration;
			buildSettings = {
				ALWAYS_SEARCH_USER_PATHS = NO;
				CLANG_ANALYZER_NONNULL = YES;
				CLANG_ANALYZER_NUMBER_OBJECT_CONVERSION = YES_AGGRESSIVE;
				CLANG_CXX_LANGUAGE_STANDARD = "gnu++14";
				CLANG_CXX_LIBRARY = "libc++";
				CLANG_ENABLE_MODULES = YES;
				CLANG_ENABLE_OBJC_ARC = YES;
				CLANG_ENABLE_OBJC_WEAK = YES;
				CLANG_WARN_BLOCK_CAPTURE_AUTORELEASING = YES;
				CLANG_WARN_BOOL_CONVERSION = YES;
				CLANG_WARN_COMMA = YES;
				CLANG_WARN_CONSTANT_CONVERSION = YES;
				CLANG_WARN_DEPRECATED_OBJC_IMPLEMENTATIONS = YES;
				CLANG_WARN_DIRECT_OBJC_ISA_USAGE = YES_ERROR;
				CLANG_WARN_DOCUMENTATION_COMMENTS = YES;
				CLANG_WARN_EMPTY_BODY = YES;
				CLANG_WARN_ENUM_CONVERSION = YES;
				CLANG_WARN_INFINITE_RECURSION = YES;
				CLANG_WARN_INT_CONVERSION = YES;
				CLANG_WARN_NON_LITERAL_NULL_CONVERSION = YES;
				CLANG_WARN_OBJC_IMPLICIT_RETAIN_SELF = YES;
				CLANG_WARN_OBJC_LITERAL_CONVERSION = YES;
				CLANG_WARN_OBJC_ROOT_CLASS = YES_ERROR;
				CLANG_WARN_QUOTED_INCLUDE_IN_FRAMEWORK_HEADER = YES;
				CLANG_WARN_RANGE_LOOP_ANALYSIS = YES;
				CLANG_WARN_STRICT_PROTOTYPES = YES;
				CLANG_WARN_SUSPICIOUS_MOVE = YES;
				CLANG_WARN_UNGUARDED_AVAILABILITY = YES_AGGRESSIVE;
				CLANG_WARN_UNREACHABLE_CODE = YES;
				CLANG_WARN__DUPLICATE_METHOD_MATCH = YES;
				COPY_PHASE_STRIP = NO;
				DEBUG_INFORMATION_FORMAT = dwarf;
				ENABLE_STRICT_OBJC_MSGSEND = YES;
				ENABLE_TESTABILITY = YES;
				GCC_C_LANGUAGE_STANDARD = gnu11;
				GCC_DYNAMIC_NO_PIC = NO;
				GCC_NO_COMMON_BLOCKS = YES;
				GCC_OPTIMIZATION_LEVEL = 0;
				GCC_PREPROCESSOR_DEFINITIONS = (
					"DEBUG=1",
					"$(inherited)",
				);
				GCC_WARN_64_TO_32_BIT_CONVERSION = YES;
				GCC_WARN_ABOUT_RETURN_TYPE = YES_ERROR;
				GCC_WARN_UNDECLARED_SELECTOR = YES;
				GCC_WARN_UNINITIALIZED_AUTOS = YES_AGGRESSIVE;
				GCC_WARN_UNUSED_FUNCTION = YES;
				GCC_WARN_UNUSED_VARIABLE = YES;
				IPHONEOS_DEPLOYMENT_TARGET = 14.5;
				MTL_ENABLE_DEBUG_INFO = INCLUDE_SOURCE;
				MTL_FAST_MATH = YES;
				ONLY_ACTIVE_ARCH = YES;
				SDKROOT = iphoneos;
				SWIFT_ACTIVE_COMPILATION_CONDITIONS = DEBUG;
				SWIFT_OPTIMIZATION_LEVEL = "-Onone";
			};
			name = Debug;
		};
		4169287E26E96217003BD3AB /* Release */ = {
			isa = XCBuildConfiguration;
			buildSettings = {
				ALWAYS_SEARCH_USER_PATHS = NO;
				CLANG_ANALYZER_NONNULL = YES;
				CLANG_ANALYZER_NUMBER_OBJECT_CONVERSION = YES_AGGRESSIVE;
				CLANG_CXX_LANGUAGE_STANDARD = "gnu++14";
				CLANG_CXX_LIBRARY = "libc++";
				CLANG_ENABLE_MODULES = YES;
				CLANG_ENABLE_OBJC_ARC = YES;
				CLANG_ENABLE_OBJC_WEAK = YES;
				CLANG_WARN_BLOCK_CAPTURE_AUTORELEASING = YES;
				CLANG_WARN_BOOL_CONVERSION = YES;
				CLANG_WARN_COMMA = YES;
				CLANG_WARN_CONSTANT_CONVERSION = YES;
				CLANG_WARN_DEPRECATED_OBJC_IMPLEMENTATIONS = YES;
				CLANG_WARN_DIRECT_OBJC_ISA_USAGE = YES_ERROR;
				CLANG_WARN_DOCUMENTATION_COMMENTS = YES;
				CLANG_WARN_EMPTY_BODY = YES;
				CLANG_WARN_ENUM_CONVERSION = YES;
				CLANG_WARN_INFINITE_RECURSION = YES;
				CLANG_WARN_INT_CONVERSION = YES;
				CLANG_WARN_NON_LITERAL_NULL_CONVERSION = YES;
				CLANG_WARN_OBJC_IMPLICIT_RETAIN_SELF = YES;
				CLANG_WARN_OBJC_LITERAL_CONVERSION = YES;
				CLANG_WARN_OBJC_ROOT_CLASS = YES_ERROR;
				CLANG_WARN_QUOTED_INCLUDE_IN_FRAMEWORK_HEADER = YES;
				CLANG_WARN_RANGE_LOOP_ANALYSIS = YES;
				CLANG_WARN_STRICT_PROTOTYPES = YES;
				CLANG_WARN_SUSPICIOUS_MOVE = YES;
				CLANG_WARN_UNGUARDED_AVAILABILITY = YES_AGGRESSIVE;
				CLANG_WARN_UNREACHABLE_CODE = YES;
				CLANG_WARN__DUPLICATE_METHOD_MATCH = YES;
				COPY_PHASE_STRIP = NO;
				DEBUG_INFORMATION_FORMAT = "dwarf-with-dsym";
				ENABLE_NS_ASSERTIONS = NO;
				ENABLE_STRICT_OBJC_MSGSEND = YES;
				GCC_C_LANGUAGE_STANDARD = gnu11;
				GCC_NO_COMMON_BLOCKS = YES;
				GCC_WARN_64_TO_32_BIT_CONVERSION = YES;
				GCC_WARN_ABOUT_RETURN_TYPE = YES_ERROR;
				GCC_WARN_UNDECLARED_SELECTOR = YES;
				GCC_WARN_UNINITIALIZED_AUTOS = YES_AGGRESSIVE;
				GCC_WARN_UNUSED_FUNCTION = YES;
				GCC_WARN_UNUSED_VARIABLE = YES;
				IPHONEOS_DEPLOYMENT_TARGET = 14.5;
				MTL_ENABLE_DEBUG_INFO = NO;
				MTL_FAST_MATH = YES;
				SDKROOT = iphoneos;
				SWIFT_COMPILATION_MODE = wholemodule;
				SWIFT_OPTIMIZATION_LEVEL = "-O";
				VALIDATE_PRODUCT = YES;
			};
			name = Release;
		};
		4169288026E96217003BD3AB /* Debug */ = {
			isa = XCBuildConfiguration;
			baseConfigurationReference = 41A15E3D26EFF1F0003B8828 /* Config.xcconfig */;
			buildSettings = {
				ASSETCATALOG_COMPILER_APPICON_NAME = AppIcon;
				ASSETCATALOG_COMPILER_GLOBAL_ACCENT_COLOR_NAME = AccentColor;
				CODE_SIGN_STYLE = Automatic;
				DEVELOPMENT_ASSET_PATHS = "\"MovieApp/Preview Content\"";
				ENABLE_PREVIEWS = YES;
				INFOPLIST_FILE = MovieApp/Info.plist;
				IPHONEOS_DEPLOYMENT_TARGET = 14.0;
				LD_RUNPATH_SEARCH_PATHS = (
					"$(inherited)",
					"@executable_path/Frameworks",
				);
				PRODUCT_BUNDLE_IDENTIFIER = vyrex.MovieApp;
				PRODUCT_NAME = "$(TARGET_NAME)";
				SWIFT_VERSION = 5.0;
				TARGETED_DEVICE_FAMILY = "1,2";
			};
			name = Debug;
		};
		4169288126E96217003BD3AB /* Release */ = {
			isa = XCBuildConfiguration;
			baseConfigurationReference = 41A15E3D26EFF1F0003B8828 /* Config.xcconfig */;
			buildSettings = {
				ASSETCATALOG_COMPILER_APPICON_NAME = AppIcon;
				ASSETCATALOG_COMPILER_GLOBAL_ACCENT_COLOR_NAME = AccentColor;
				CODE_SIGN_STYLE = Automatic;
				DEVELOPMENT_ASSET_PATHS = "\"MovieApp/Preview Content\"";
				ENABLE_PREVIEWS = YES;
				INFOPLIST_FILE = MovieApp/Info.plist;
				IPHONEOS_DEPLOYMENT_TARGET = 14.0;
				LD_RUNPATH_SEARCH_PATHS = (
					"$(inherited)",
					"@executable_path/Frameworks",
				);
				PRODUCT_BUNDLE_IDENTIFIER = vyrex.MovieApp;
				PRODUCT_NAME = "$(TARGET_NAME)";
				SWIFT_VERSION = 5.0;
				TARGETED_DEVICE_FAMILY = "1,2";
			};
			name = Release;
		};
		4169288326E96217003BD3AB /* Debug */ = {
			isa = XCBuildConfiguration;
			buildSettings = {
				ALWAYS_EMBED_SWIFT_STANDARD_LIBRARIES = YES;
				BUNDLE_LOADER = "$(TEST_HOST)";
				CODE_SIGN_STYLE = Automatic;
				INFOPLIST_FILE = MovieAppTests/Info.plist;
				IPHONEOS_DEPLOYMENT_TARGET = 14.0;
				LD_RUNPATH_SEARCH_PATHS = (
					"$(inherited)",
					"@executable_path/Frameworks",
					"@loader_path/Frameworks",
				);
				PRODUCT_BUNDLE_IDENTIFIER = vyrex.MovieAppTests;
				PRODUCT_NAME = "$(TARGET_NAME)";
				SWIFT_VERSION = 5.0;
				TARGETED_DEVICE_FAMILY = "1,2";
				TEST_HOST = "$(BUILT_PRODUCTS_DIR)/MovieApp.app/MovieApp";
			};
			name = Debug;
		};
		4169288426E96217003BD3AB /* Release */ = {
			isa = XCBuildConfiguration;
			buildSettings = {
				ALWAYS_EMBED_SWIFT_STANDARD_LIBRARIES = YES;
				BUNDLE_LOADER = "$(TEST_HOST)";
				CODE_SIGN_STYLE = Automatic;
				INFOPLIST_FILE = MovieAppTests/Info.plist;
				IPHONEOS_DEPLOYMENT_TARGET = 14.0;
				LD_RUNPATH_SEARCH_PATHS = (
					"$(inherited)",
					"@executable_path/Frameworks",
					"@loader_path/Frameworks",
				);
				PRODUCT_BUNDLE_IDENTIFIER = vyrex.MovieAppTests;
				PRODUCT_NAME = "$(TARGET_NAME)";
				SWIFT_VERSION = 5.0;
				TARGETED_DEVICE_FAMILY = "1,2";
				TEST_HOST = "$(BUILT_PRODUCTS_DIR)/MovieApp.app/MovieApp";
			};
			name = Release;
		};
		4169288626E96217003BD3AB /* Debug */ = {
			isa = XCBuildConfiguration;
			buildSettings = {
				ALWAYS_EMBED_SWIFT_STANDARD_LIBRARIES = YES;
				CODE_SIGN_STYLE = Automatic;
				INFOPLIST_FILE = MovieAppUITests/Info.plist;
				LD_RUNPATH_SEARCH_PATHS = (
					"$(inherited)",
					"@executable_path/Frameworks",
					"@loader_path/Frameworks",
				);
				PRODUCT_BUNDLE_IDENTIFIER = vyrex.MovieAppUITests;
				PRODUCT_NAME = "$(TARGET_NAME)";
				SWIFT_VERSION = 5.0;
				TARGETED_DEVICE_FAMILY = "1,2";
				TEST_TARGET_NAME = MovieApp;
			};
			name = Debug;
		};
		4169288726E96217003BD3AB /* Release */ = {
			isa = XCBuildConfiguration;
			buildSettings = {
				ALWAYS_EMBED_SWIFT_STANDARD_LIBRARIES = YES;
				CODE_SIGN_STYLE = Automatic;
				INFOPLIST_FILE = MovieAppUITests/Info.plist;
				LD_RUNPATH_SEARCH_PATHS = (
					"$(inherited)",
					"@executable_path/Frameworks",
					"@loader_path/Frameworks",
				);
				PRODUCT_BUNDLE_IDENTIFIER = vyrex.MovieAppUITests;
				PRODUCT_NAME = "$(TARGET_NAME)";
				SWIFT_VERSION = 5.0;
				TARGETED_DEVICE_FAMILY = "1,2";
				TEST_TARGET_NAME = MovieApp;
			};
			name = Release;
		};
/* End XCBuildConfiguration section */

/* Begin XCConfigurationList section */
		4169285526E96215003BD3AB /* Build configuration list for PBXProject "MovieApp" */ = {
			isa = XCConfigurationList;
			buildConfigurations = (
				4169287D26E96217003BD3AB /* Debug */,
				4169287E26E96217003BD3AB /* Release */,
			);
			defaultConfigurationIsVisible = 0;
			defaultConfigurationName = Release;
		};
		4169287F26E96217003BD3AB /* Build configuration list for PBXNativeTarget "MovieApp" */ = {
			isa = XCConfigurationList;
			buildConfigurations = (
				4169288026E96217003BD3AB /* Debug */,
				4169288126E96217003BD3AB /* Release */,
			);
			defaultConfigurationIsVisible = 0;
			defaultConfigurationName = Release;
		};
		4169288226E96217003BD3AB /* Build configuration list for PBXNativeTarget "MovieAppTests" */ = {
			isa = XCConfigurationList;
			buildConfigurations = (
				4169288326E96217003BD3AB /* Debug */,
				4169288426E96217003BD3AB /* Release */,
			);
			defaultConfigurationIsVisible = 0;
			defaultConfigurationName = Release;
		};
		4169288526E96217003BD3AB /* Build configuration list for PBXNativeTarget "MovieAppUITests" */ = {
			isa = XCConfigurationList;
			buildConfigurations = (
				4169288626E96217003BD3AB /* Debug */,
				4169288726E96217003BD3AB /* Release */,
			);
			defaultConfigurationIsVisible = 0;
			defaultConfigurationName = Release;
		};
/* End XCConfigurationList section */

/* Begin XCVersionGroup section */
		41B7AA9726EEA741007D58D3 /* MovieApp.xcdatamodeld */ = {
			isa = XCVersionGroup;
			children = (
				41B7AA9826EEA741007D58D3 /* MovieApp.xcdatamodel */,
			);
			currentVersion = 41B7AA9826EEA741007D58D3 /* MovieApp.xcdatamodel */;
			path = MovieApp.xcdatamodeld;
			sourceTree = "<group>";
			versionGroupType = wrapper.xcdatamodel;
		};
/* End XCVersionGroup section */
	};
	rootObject = 4169285226E96215003BD3AB /* Project object */;
}
